
Microsoft Visual Studio Solution File, Format Version 12.00
# Visual Studio Version 16
VisualStudioVersion = 16.0.30413.136
MinimumVisualStudioVersion = 10.0.40219.1
Project("{FAE04EC0-301F-11D3-BF4B-00C04F79EFBC}") = "SW.NotationService.Web", "SW.NotationService.Web\SW.NotationService.Web.csproj", "{484431ED-BED7-454B-AA94-555690FA2790}"
EndProject
Project("{FAE04EC0-301F-11D3-BF4B-00C04F79EFBC}") = "SW.NotationService.Core.Tests", "SW.NotationService.Core.Tests\SW.NotationService.Core.Tests.csproj", "{FE0677CB-3561-4928-A590-56DB0E4DAF5D}"
EndProject
Global
	GlobalSection(SolutionConfigurationPlatforms) = preSolution
		Debug|Any CPU = Debug|Any CPU
		Release|Any CPU = Release|Any CPU
	EndGlobalSection
	GlobalSection(ProjectConfigurationPlatforms) = postSolution
		{484431ED-BED7-454B-AA94-555690FA2790}.Debug|Any CPU.ActiveCfg = Debug|Any CPU
		{484431ED-BED7-454B-AA94-555690FA2790}.Debug|Any CPU.Build.0 = Debug|Any CPU
		{484431ED-BED7-454B-AA94-555690FA2790}.Release|Any CPU.ActiveCfg = Release|Any CPU
		{484431ED-BED7-454B-AA94-555690FA2790}.Release|Any CPU.Build.0 = Release|Any CPU
		{FE0677CB-3561-4928-A590-56DB0E4DAF5D}.Debug|Any CPU.ActiveCfg = Debug|Any CPU
		{FE0677CB-3561-4928-A590-56DB0E4DAF5D}.Debug|Any CPU.Build.0 = Debug|Any CPU
		{FE0677CB-3561-4928-A590-56DB0E4DAF5D}.Release|Any CPU.ActiveCfg = Release|Any CPU
		{FE0677CB-3561-4928-A590-56DB0E4DAF5D}.Release|Any CPU.Build.0 = Release|Any CPU
	EndGlobalSection
	GlobalSection(SolutionProperties) = preSolution
		HideSolutionNode = FALSE
	EndGlobalSection
	GlobalSection(ExtensibilityGlobals) = postSolution
		SolutionGuid = {3838142C-E5A7-475E-9A7B-F31358FB1E16}
	EndGlobalSection
EndGlobal
